
Microsoft Visual Studio Solution File, Format Version 12.00
# Visual Studio 15
VisualStudioVersion = 15.0.33529.398
MinimumVisualStudioVersion = 10.0.40219.1
Project("{8BC9CEB8-8B4A-11D0-8D11-00A0C91BC942}") = "Algorithm_sort_insertSort", "Algorithm_sort_insertSort\Algorithm_sort_insertSort.vcxproj", "{50FC5E25-D653-4B7E-BC0D-1EAE72454CC4}"
EndProject
Global
	GlobalSection(SolutionConfigurationPlatforms) = preSolution
		Debug|x64 = Debug|x64
		Debug|x86 = Debug|x86
		Release|x64 = Release|x64
		Release|x86 = Release|x86
	EndGlobalSection
	GlobalSection(ProjectConfigurationPlatforms) = postSolution
		{50FC5E25-D653-4B7E-BC0D-1EAE72454CC4}.Debug|x64.ActiveCfg = Debug|x64
		{50FC5E25-D653-4B7E-BC0D-1EAE72454CC4}.Debug|x64.Build.0 = Debug|x64
		{50FC5E25-D653-4B7E-BC0D-1EAE72454CC4}.Debug|x86.ActiveCfg = Debug|Win32
		{50FC5E25-D653-4B7E-BC0D-1EAE72454CC4}.Debug|x86.Build.0 = Debug|Win32
		{50FC5E25-D653-4B7E-BC0D-1EAE72454CC4}.Release|x64.ActiveCfg = Release|x64
		{50FC5E25-D653-4B7E-BC0D-1EAE72454CC4}.Release|x64.Build.0 = Release|x64
		{50FC5E25-D653-4B7E-BC0D-1EAE72454CC4}.Release|x86.ActiveCfg = Release|Win32
		{50FC5E25-D653-4B7E-BC0D-1EAE72454CC4}.Release|x86.Build.0 = Release|Win32
	EndGlobalSection
	GlobalSection(SolutionProperties) = preSolution
		HideSolutionNode = FALSE
	EndGlobalSection
	GlobalSection(ExtensibilityGlobals) = postSolution
		SolutionGuid = {2398A0C3-29A2-4909-B337-0D6613ACC178}
	EndGlobalSection
EndGlobal
